{
  "name": "auto_refresh_github_host",
  "version": "1.0.0",
  "lockfileVersion": 2,
  "requires": true,
  "packages": {
    "": {
      "name": "auto_refresh_github_host",
      "version": "1.0.0",
      "license": "WTFPL",
      "bin": {
        "refresh_github_host": "index.js"
      }
    }
  }
}
